
Microsoft Visual Studio Solution File, Format Version 12.00
# Visual Studio 15
Project("{FAE04EC0-301F-11D3-BF4B-00C04F79EFBC}") = "Assembly-CSharp", "Assembly-CSharp.csproj", "{31188434-5282-134E-E697-7AFFB34960E7}"
EndProject
Project("{FAE04EC0-301F-11D3-BF4B-00C04F79EFBC}") = "Assembly-CSharp", "Assembly-CSharp.Player.csproj", "{39F0A3E7-5F6A-C81B-4688-3ADF13D33672}"
EndProject
Global
	GlobalSection(SolutionConfigurationPlatforms) = preSolution
		Debug|Any CPU = Debug|Any CPU
		Release|Any CPU = Release|Any CPU
	EndGlobalSection
	GlobalSection(ProjectConfigurationPlatforms) = postSolution
		{31188434-5282-134E-E697-7AFFB34960E7}.Debug|Any CPU.ActiveCfg = Debug|Any CPU
		{31188434-5282-134E-E697-7AFFB34960E7}.Debug|Any CPU.Build.0 = Debug|Any CPU
		{31188434-5282-134E-E697-7AFFB34960E7}.Release|Any CPU.ActiveCfg = Release|Any CPU
		{31188434-5282-134E-E697-7AFFB34960E7}.Release|Any CPU.Build.0 = Release|Any CPU
		{39F0A3E7-5F6A-C81B-4688-3ADF13D33672}.Debug|Any CPU.ActiveCfg = Debug|Any CPU
		{39F0A3E7-5F6A-C81B-4688-3ADF13D33672}.Debug|Any CPU.Build.0 = Debug|Any CPU
		{39F0A3E7-5F6A-C81B-4688-3ADF13D33672}.Release|Any CPU.ActiveCfg = Release|Any CPU
		{39F0A3E7-5F6A-C81B-4688-3ADF13D33672}.Release|Any CPU.Build.0 = Release|Any CPU
	EndGlobalSection
	GlobalSection(SolutionProperties) = preSolution
		HideSolutionNode = FALSE
	EndGlobalSection
EndGlobal
